
Microsoft Visual Studio Solution File, Format Version 12.00
# Visual Studio Version 17
VisualStudioVersion = 17.5.002.0
MinimumVisualStudioVersion = 10.0.40219.1
Project("{9A19103F-16F7-4668-BE54-9A1E7A4F7556}") = "wool", "wool.csproj", "{887373F3-57E3-48BC-8477-9F0E78F47A59}"
EndProject
Global
	GlobalSection(SolutionConfigurationPlatforms) = preSolution
		Debug|Any CPU = Debug|Any CPU
		Release|Any CPU = Release|Any CPU
	EndGlobalSection
	GlobalSection(ProjectConfigurationPlatforms) = postSolution
		{887373F3-57E3-48BC-8477-9F0E78F47A59}.Debug|Any CPU.ActiveCfg = Debug|Any CPU
		{887373F3-57E3-48BC-8477-9F0E78F47A59}.Debug|Any CPU.Build.0 = Debug|Any CPU
		{887373F3-57E3-48BC-8477-9F0E78F47A59}.Release|Any CPU.ActiveCfg = Release|Any CPU
		{887373F3-57E3-48BC-8477-9F0E78F47A59}.Release|Any CPU.Build.0 = Release|Any CPU
	EndGlobalSection
	GlobalSection(SolutionProperties) = preSolution
		HideSolutionNode = FALSE
	EndGlobalSection
	GlobalSection(ExtensibilityGlobals) = postSolution
		SolutionGuid = {D51EB51B-4708-473F-992C-CC78DFF45406}
	EndGlobalSection
EndGlobal
